// !$*UTF8*$!
{
	archiveVersion = 1;
	classes = {
	};
	objectVersion = 48;
	objects = {

/* Begin PBXBuildFile section */
		E14A93F3203FE048009A35E9 /* AppDelegate.m in Sources */ = {isa = PBXBuildFile; fileRef = E14A93F2203FE048009A35E9 /* AppDelegate.m */; };
		E14A93F6203FE048009A35E9 /* ViewController.m in Sources */ = {isa = PBXBuildFile; fileRef = E14A93F5203FE048009A35E9 /* ViewController.m */; };
		E14A93F9203FE048009A35E9 /* Main.storyboard in Resources */ = {isa = PBXBuildFile; fileRef = E14A93F7203FE048009A35E9 /* Main.storyboard */; };
		E14A93FB203FE048009A35E9 /* Assets.xcassets in Resources */ = {isa = PBXBuildFile; fileRef = E14A93FA203FE048009A35E9 /* Assets.xcassets */; };
		E14A93FE203FE048009A35E9 /* LaunchScreen.storyboard in Resources */ = {isa = PBXBuildFile; fileRef = E14A93FC203FE048009A35E9 /* LaunchScreen.storyboard */; };
		E14A9401203FE048009A35E9 /* main.m in Sources */ = {isa = PBXBuildFile; fileRef = E14A9400203FE048009A35E9 /* main.m */; };
		E14A940B203FE048009A35E9 /* _017FaceBookTests.m in Sources */ = {isa = PBXBuildFile; fileRef = E14A940A203FE048009A35E9 /* _017FaceBookTests.m */; };
		E14A9416203FE048009A35E9 /* _017FaceBookUITests.m in Sources */ = {isa = PBXBuildFile; fileRef = E14A9415203FE048009A35E9 /* _017FaceBookUITests.m */; };
		E14A9432203FE2A6009A35E9 /* FBNotifications.framework in Frameworks */ = {isa = PBXBuildFile; fileRef = E14A9424203FE2A5009A35E9 /* FBNotifications.framework */; };
		E14A9433203FE2A6009A35E9 /* FBSDKMessengerShareKit.framework in Frameworks */ = {isa = PBXBuildFile; fileRef = E14A9425203FE2A5009A35E9 /* FBSDKMessengerShareKit.framework */; };
		E14A9434203FE2A6009A35E9 /* AccountKit.framework in Frameworks */ = {isa = PBXBuildFile; fileRef = E14A9426203FE2A5009A35E9 /* AccountKit.framework */; };
		E14A9435203FE2A6009A35E9 /* DocSets in Resources */ = {isa = PBXBuildFile; fileRef = E14A9427203FE2A5009A35E9 /* DocSets */; };
		E14A9436203FE2A6009A35E9 /* FacebookSDKStrings.bundle in Resources */ = {isa = PBXBuildFile; fileRef = E14A9428203FE2A5009A35E9 /* FacebookSDKStrings.bundle */; };
		E14A9437203FE2A6009A35E9 /* AccountKitStrings.bundle in Resources */ = {isa = PBXBuildFile; fileRef = E14A9429203FE2A5009A35E9 /* AccountKitStrings.bundle */; };
		E14A9438203FE2A6009A35E9 /* Bolts.framework in Frameworks */ = {isa = PBXBuildFile; fileRef = E14A942A203FE2A5009A35E9 /* Bolts.framework */; };
		E14A9439203FE2A6009A35E9 /* FBSDKPlacesKit.framework in Frameworks */ = {isa = PBXBuildFile; fileRef = E14A942B203FE2A5009A35E9 /* FBSDKPlacesKit.framework */; };
		E14A943A203FE2A6009A35E9 /* FBSDKCoreKit.framework in Frameworks */ = {isa = PBXBuildFile; fileRef = E14A942C203FE2A6009A35E9 /* FBSDKCoreKit.framework */; };
		E14A943B203FE2A6009A35E9 /* Samples in Resources */ = {isa = PBXBuildFile; fileRef = E14A942D203FE2A6009A35E9 /* Samples */; };
		E14A943C203FE2A6009A35E9 /* FBSDKShareKit.framework in Frameworks */ = {isa = PBXBuildFile; fileRef = E14A942E203FE2A6009A35E9 /* FBSDKShareKit.framework */; };
		E14A943D203FE2A6009A35E9 /* README.txt in Resources */ = {isa = PBXBuildFile; fileRef = E14A942F203FE2A6009A35E9 /* README.txt */; };
		E14A943E203FE2A6009A35E9 /* LICENSE.txt in Resources */ = {isa = PBXBuildFile; fileRef = E14A9430203FE2A6009A35E9 /* LICENSE.txt */; };
		E14A943F203FE2A6009A35E9 /* FBSDKLoginKit.framework in Frameworks */ = {isa = PBXBuildFile; fileRef = E14A9431203FE2A6009A35E9 /* FBSDKLoginKit.framework */; };
/* End PBXBuildFile section */

/* Begin PBXContainerItemProxy section */
		E14A9407203FE048009A35E9 /* PBXContainerItemProxy */ = {
			isa = PBXContainerItemProxy;
			containerPortal = E14A93E6203FE048009A35E9 /* Project object */;
			proxyType = 1;
			remoteGlobalIDString = E14A93ED203FE048009A35E9;
			remoteInfo = 2017FaceBook;
		};
		E14A9412203FE048009A35E9 /* PBXContainerItemProxy */ = {
			isa = PBXContainerItemProxy;
			containerPortal = E14A93E6203FE048009A35E9 /* Project object */;
			proxyType = 1;
			remoteGlobalIDString = E14A93ED203FE048009A35E9;
			remoteInfo = 2017FaceBook;
		};
/* End PBXContainerItemProxy section */

/* Begin PBXFileReference section */
		E14A93EE203FE048009A35E9 /* 2017FaceBook.app */ = {isa = PBXFileReference; explicitFileType = wrapper.application; includeInIndex = 0; path = 2017FaceBook.app; sourceTree = BUILT_PRODUCTS_DIR; };
		E14A93F1203FE048009A35E9 /* AppDelegate.h */ = {isa = PBXFileReference; lastKnownFileType = sourcecode.c.h; path = AppDelegate.h; sourceTree = "<group>"; };
		E14A93F2203FE048009A35E9 /* AppDelegate.m */ = {isa = PBXFileReference; lastKnownFileType = sourcecode.c.objc; path = AppDelegate.m; sourceTree = "<group>"; };
		E14A93F4203FE048009A35E9 /* ViewController.h */ = {isa = PBXFileReference; lastKnownFileType = sourcecode.c.h; path = ViewController.h; sourceTree = "<group>"; };
		E14A93F5203FE048009A35E9 /* ViewController.m */ = {isa = PBXFileReference; lastKnownFileType = sourcecode.c.objc; path = ViewController.m; sourceTree = "<group>"; };
		E14A93F8203FE048009A35E9 /* Base */ = {isa = PBXFileReference; lastKnownFileType = file.storyboard; name = Base; path = Base.lproj/Main.storyboard; sourceTree = "<group>"; };
		E14A93FA203FE048009A35E9 /* Assets.xcassets */ = {isa = PBXFileReference; lastKnownFileType = folder.assetcatalog; path = Assets.xcassets; sourceTree = "<group>"; };
		E14A93FD203FE048009A35E9 /* Base */ = {isa = PBXFileReference; lastKnownFileType = file.storyboard; name = Base; path = Base.lproj/LaunchScreen.storyboard; sourceTree = "<group>"; };
		E14A93FF203FE048009A35E9 /* Info.plist */ = {isa = PBXFileReference; lastKnownFileType = text.plist.xml; path = Info.plist; sourceTree = "<group>"; };
		E14A9400203FE048009A35E9 /* main.m */ = {isa = PBXFileReference; lastKnownFileType = sourcecode.c.objc; path = main.m; sourceTree = "<group>"; };
		E14A9406203FE048009A35E9 /* 2017FaceBookTests.xctest */ = {isa = PBXFileReference; explicitFileType = wrapper.cfbundle; includeInIndex = 0; path = 2017FaceBookTests.xctest; sourceTree = BUILT_PRODUCTS_DIR; };
		E14A940A203FE048009A35E9 /* _017FaceBookTests.m */ = {isa = PBXFileReference; lastKnownFileType = sourcecode.c.objc; path = _017FaceBookTests.m; sourceTree = "<group>"; };
		E14A940C203FE048009A35E9 /* Info.plist */ = {isa = PBXFileReference; lastKnownFileType = text.plist.xml; path = Info.plist; sourceTree = "<group>"; };
		E14A9411203FE048009A35E9 /* 2017FaceBookUITests.xctest */ = {isa = PBXFileReference; explicitFileType = wrapper.cfbundle; includeInIndex = 0; path = 2017FaceBookUITests.xctest; sourceTree = BUILT_PRODUCTS_DIR; };
		E14A9415203FE048009A35E9 /* _017FaceBookUITests.m */ = {isa = PBXFileReference; lastKnownFileType = sourcecode.c.objc; path = _017FaceBookUITests.m; sourceTree = "<group>"; };
		E14A9417203FE048009A35E9 /* Info.plist */ = {isa = PBXFileReference; lastKnownFileType = text.plist.xml; path = Info.plist; sourceTree = "<group>"; };
		E14A9424203FE2A5009A35E9 /* FBNotifications.framework */ = {isa = PBXFileReference; lastKnownFileType = wrapper.framework; name = FBNotifications.framework; path = "FacebookSDKs-iOS-4/FBNotifications.framework"; sourceTree = SOURCE_ROOT; };
		E14A9425203FE2A5009A35E9 /* FBSDKMessengerShareKit.framework */ = {isa = PBXFileReference; lastKnownFileType = wrapper.framework; name = FBSDKMessengerShareKit.framework; path = "FacebookSDKs-iOS-4/FBSDKMessengerShareKit.framework"; sourceTree = SOURCE_ROOT; };
		E14A9426203FE2A5009A35E9 /* AccountKit.framework */ = {isa = PBXFileReference; lastKnownFileType = wrapper.framework; name = AccountKit.framework; path = "FacebookSDKs-iOS-4/AccountKit.framework"; sourceTree = SOURCE_ROOT; };
		E14A9427203FE2A5009A35E9 /* DocSets */ = {isa = PBXFileReference; lastKnownFileType = folder; name = DocSets; path = "FacebookSDKs-iOS-4/DocSets"; sourceTree = SOURCE_ROOT; };
		E14A9428203FE2A5009A35E9 /* FacebookSDKStrings.bundle */ = {isa = PBXFileReference; lastKnownFileType = "wrapper.plug-in"; name = FacebookSDKStrings.bundle; path = "FacebookSDKs-iOS-4/FacebookSDKStrings.bundle"; sourceTree = SOURCE_ROOT; };
		E14A9429203FE2A5009A35E9 /* AccountKitStrings.bundle */ = {isa = PBXFileReference; lastKnownFileType = "wrapper.plug-in"; name = AccountKitStrings.bundle; path = "FacebookSDKs-iOS-4/AccountKitStrings.bundle"; sourceTree = SOURCE_ROOT; };
		E14A942A203FE2A5009A35E9 /* Bolts.framework */ = {isa = PBXFileReference; lastKnownFileType = wrapper.framework; name = Bolts.framework; path = "FacebookSDKs-iOS-4/Bolts.framework"; sourceTree = SOURCE_ROOT; };
		E14A942B203FE2A5009A35E9 /* FBSDKPlacesKit.framework */ = {isa = PBXFileReference; lastKnownFileType = wrapper.framework; name = FBSDKPlacesKit.framework; path = "FacebookSDKs-iOS-4/FBSDKPlacesKit.framework"; sourceTree = SOURCE_ROOT; };
		E14A942C203FE2A6009A35E9 /* FBSDKCoreKit.framework */ = {isa = PBXFileReference; lastKnownFileType = wrapper.framework; name = FBSDKCoreKit.framework; path = "FacebookSDKs-iOS-4/FBSDKCoreKit.framework"; sourceTree = SOURCE_ROOT; };
		E14A942D203FE2A6009A35E9 /* Samples */ = {isa = PBXFileReference; lastKnownFileType = folder; name = Samples; path = "FacebookSDKs-iOS-4/Samples"; sourceTree = SOURCE_ROOT; };
		E14A942E203FE2A6009A35E9 /* FBSDKShareKit.framework */ = {isa = PBXFileReference; lastKnownFileType = wrapper.framework; name = FBSDKShareKit.framework; path = "FacebookSDKs-iOS-4/FBSDKShareKit.framework"; sourceTree = SOURCE_ROOT; };
		E14A942F203FE2A6009A35E9 /* README.txt */ = {isa = PBXFileReference; fileEncoding = 4; lastKnownFileType = text; name = README.txt; path = "FacebookSDKs-iOS-4/README.txt"; sourceTree = SOURCE_ROOT; };
		E14A9430203FE2A6009A35E9 /* LICENSE.txt */ = {isa = PBXFileReference; fileEncoding = 4; lastKnownFileType = text; name = LICENSE.txt; path = "FacebookSDKs-iOS-4/LICENSE.txt"; sourceTree = SOURCE_ROOT; };
		E14A9431203FE2A6009A35E9 /* FBSDKLoginKit.framework */ = {isa = PBXFileReference; lastKnownFileType = wrapper.framework; name = FBSDKLoginKit.framework; path = "FacebookSDKs-iOS-4/FBSDKLoginKit.framework"; sourceTree = SOURCE_ROOT; };
/* End PBXFileReference section */

/* Begin PBXFrameworksBuildPhase section */
		E14A93EB203FE048009A35E9 /* Frameworks */ = {
			isa = PBXFrameworksBuildPhase;
			buildActionMask = 2147483647;
			files = (
				E14A9434203FE2A6009A35E9 /* AccountKit.framework in Frameworks */,
				E14A943A203FE2A6009A35E9 /* FBSDKCoreKit.framework in Frameworks */,
				E14A9439203FE2A6009A35E9 /* FBSDKPlacesKit.framework in Frameworks */,
				E14A943C203FE2A6009A35E9 /* FBSDKShareKit.framework in Frameworks */,
				E14A9433203FE2A6009A35E9 /* FBSDKMessengerShareKit.framework in Frameworks */,
				E14A9432203FE2A6009A35E9 /* FBNotifications.framework in Frameworks */,
				E14A943F203FE2A6009A35E9 /* FBSDKLoginKit.framework in Frameworks */,
				E14A9438203FE2A6009A35E9 /* Bolts.framework in Frameworks */,
			);
			runOnlyForDeploymentPostprocessing = 0;
		};
		E14A9403203FE048009A35E9 /* Frameworks */ = {
			isa = PBXFrameworksBuildPhase;
			buildActionMask = 2147483647;
			files = (
			);
			runOnlyForDeploymentPostprocessing = 0;
		};
		E14A940E203FE048009A35E9 /* Frameworks */ = {
			isa = PBXFrameworksBuildPhase;
			buildActionMask = 2147483647;
			files = (
			);
			runOnlyForDeploymentPostprocessing = 0;
		};
/* End PBXFrameworksBuildPhase section */

/* Begin PBXGroup section */
		E14A93E5203FE048009A35E9 = {
			isa = PBXGroup;
			children = (
				E14A9423203FE26A009A35E9 /* FaceBookSDK */,
				E14A93F0203FE048009A35E9 /* 2017FaceBook */,
				E14A9409203FE048009A35E9 /* 2017FaceBookTests */,
				E14A9414203FE048009A35E9 /* 2017FaceBookUITests */,
				E14A93EF203FE048009A35E9 /* Products */,
			);
			sourceTree = "<group>";
		};
		E14A93EF203FE048009A35E9 /* Products */ = {
			isa = PBXGroup;
			children = (
				E14A93EE203FE048009A35E9 /* 2017FaceBook.app */,
				E14A9406203FE048009A35E9 /* 2017FaceBookTests.xctest */,
				E14A9411203FE048009A35E9 /* 2017FaceBookUITests.xctest */,
			);
			name = Products;
			sourceTree = "<group>";
		};
		E14A93F0203FE048009A35E9 /* 2017FaceBook */ = {
			isa = PBXGroup;
			children = (
				E14A93F1203FE048009A35E9 /* AppDelegate.h */,
				E14A93F2203FE048009A35E9 /* AppDelegate.m */,
				E14A93F4203FE048009A35E9 /* ViewController.h */,
				E14A93F5203FE048009A35E9 /* ViewController.m */,
				E14A93F7203FE048009A35E9 /* Main.storyboard */,
				E14A93FA203FE048009A35E9 /* Assets.xcassets */,
				E14A93FC203FE048009A35E9 /* LaunchScreen.storyboard */,
				E14A93FF203FE048009A35E9 /* Info.plist */,
				E14A9400203FE048009A35E9 /* main.m */,
			);
			path = 2017FaceBook;
			sourceTree = "<group>";
		};
		E14A9409203FE048009A35E9 /* 2017FaceBookTests */ = {
			isa = PBXGroup;
			children = (
				E14A940A203FE048009A35E9 /* _017FaceBookTests.m */,
				E14A940C203FE048009A35E9 /* Info.plist */,
			);
			path = 2017FaceBookTests;
			sourceTree = "<group>";
		};
		E14A9414203FE048009A35E9 /* 2017FaceBookUITests */ = {
			isa = PBXGroup;
			children = (
				E14A9415203FE048009A35E9 /* _017FaceBookUITests.m */,
				E14A9417203FE048009A35E9 /* Info.plist */,
			);
			path = 2017FaceBookUITests;
			sourceTree = "<group>";
		};
		E14A9423203FE26A009A35E9 /* FaceBookSDK */ = {
			isa = PBXGroup;
			children = (
				E14A9426203FE2A5009A35E9 /* AccountKit.framework */,
				E14A9429203FE2A5009A35E9 /* AccountKitStrings.bundle */,
				E14A942A203FE2A5009A35E9 /* Bolts.framework */,
				E14A9427203FE2A5009A35E9 /* DocSets */,
				E14A9428203FE2A5009A35E9 /* FacebookSDKStrings.bundle */,
				E14A9424203FE2A5009A35E9 /* FBNotifications.framework */,
				E14A942C203FE2A6009A35E9 /* FBSDKCoreKit.framework */,
				E14A9431203FE2A6009A35E9 /* FBSDKLoginKit.framework */,
				E14A9425203FE2A5009A35E9 /* FBSDKMessengerShareKit.framework */,
				E14A942B203FE2A5009A35E9 /* FBSDKPlacesKit.framework */,
				E14A942E203FE2A6009A35E9 /* FBSDKShareKit.framework */,
				E14A9430203FE2A6009A35E9 /* LICENSE.txt */,
				E14A942F203FE2A6009A35E9 /* README.txt */,
				E14A942D203FE2A6009A35E9 /* Samples */,
			);
			path = FaceBookSDK;
			sourceTree = "<group>";
		};
/* End PBXGroup section */

/* Begin PBXNativeTarget section */
		E14A93ED203FE048009A35E9 /* 2017FaceBook */ = {
			isa = PBXNativeTarget;
			buildConfigurationList = E14A941A203FE048009A35E9 /* Build configuration list for PBXNativeTarget "2017FaceBook" */;
			buildPhases = (
				E14A93EA203FE048009A35E9 /* Sources */,
				E14A93EB203FE048009A35E9 /* Frameworks */,
				E14A93EC203FE048009A35E9 /* Resources */,
			);
			buildRules = (
			);
			dependencies = (
			);
			name = 2017FaceBook;
			productName = 2017FaceBook;
			productReference = E14A93EE203FE048009A35E9 /* 2017FaceBook.app */;
			productType = "com.apple.product-type.application";
		};
		E14A9405203FE048009A35E9 /* 2017FaceBookTests */ = {
			isa = PBXNativeTarget;
			buildConfigurationList = E14A941D203FE048009A35E9 /* Build configuration list for PBXNativeTarget "2017FaceBookTests" */;
			buildPhases = (
				E14A9402203FE048009A35E9 /* Sources */,
				E14A9403203FE048009A35E9 /* Frameworks */,
				E14A9404203FE048009A35E9 /* Resources */,
			);
			buildRules = (
			);
			dependencies = (
				E14A9408203FE048009A35E9 /* PBXTargetDependency */,
			);
			name = 2017FaceBookTests;
			productName = 2017FaceBookTests;
			productReference = E14A9406203FE048009A35E9 /* 2017FaceBookTests.xctest */;
			productType = "com.apple.product-type.bundle.unit-test";
		};
		E14A9410203FE048009A35E9 /* 2017FaceBookUITests */ = {
			isa = PBXNativeTarget;
			buildConfigurationList = E14A9420203FE048009A35E9 /* Build configuration list for PBXNativeTarget "2017FaceBookUITests" */;
			buildPhases = (
				E14A940D203FE048009A35E9 /* Sources */,
				E14A940E203FE048009A35E9 /* Frameworks */,
				E14A940F203FE048009A35E9 /* Resources */,
			);
			buildRules = (
			);
			dependencies = (
				E14A9413203FE048009A35E9 /* PBXTargetDependency */,
			);
			name = 2017FaceBookUITests;
			productName = 2017FaceBookUITests;
			productReference = E14A9411203FE048009A35E9 /* 2017FaceBookUITests.xctest */;
			productType = "com.apple.product-type.bundle.ui-testing";
		};
/* End PBXNativeTarget section */

/* Begin PBXProject section */
		E14A93E6203FE048009A35E9 /* Project object */ = {
			isa = PBXProject;
			attributes = {
				LastUpgradeCheck = 0920;
				ORGANIZATIONNAME = "張揚法";
				TargetAttributes = {
					E14A93ED203FE048009A35E9 = {
						CreatedOnToolsVersion = 9.2;
						ProvisioningStyle = Automatic;
					};
					E14A9405203FE048009A35E9 = {
						CreatedOnToolsVersion = 9.2;
						ProvisioningStyle = Automatic;
						TestTargetID = E14A93ED203FE048009A35E9;
					};
					E14A9410203FE048009A35E9 = {
						CreatedOnToolsVersion = 9.2;
						ProvisioningStyle = Automatic;
						TestTargetID = E14A93ED203FE048009A35E9;
					};
				};
			};
			buildConfigurationList = E14A93E9203FE048009A35E9 /* Build configuration list for PBXProject "2017FaceBook" */;
			compatibilityVersion = "Xcode 8.0";
			developmentRegion = en;
			hasScannedForEncodings = 0;
			knownRegions = (
				en,
				Base,
			);
			mainGroup = E14A93E5203FE048009A35E9;
			productRefGroup = E14A93EF203FE048009A35E9 /* Products */;
			projectDirPath = "";
			projectRoot = "";
			targets = (
				E14A93ED203FE048009A35E9 /* 2017FaceBook */,
				E14A9405203FE048009A35E9 /* 2017FaceBookTests */,
				E14A9410203FE048009A35E9 /* 2017FaceBookUITests */,
			);
		};
/* End PBXProject section */

/* Begin PBXResourcesBuildPhase section */
		E14A93EC203FE048009A35E9 /* Resources */ = {
			isa = PBXResourcesBuildPhase;
			buildActionMask = 2147483647;
			files = (
				E14A9435203FE2A6009A35E9 /* DocSets in Resources */,
				E14A9436203FE2A6009A35E9 /* FacebookSDKStrings.bundle in Resources */,
				E14A93FE203FE048009A35E9 /* LaunchScreen.storyboard in Resources */,
				E14A943E203FE2A6009A35E9 /* LICENSE.txt in Resources */,
				E14A9437203FE2A6009A35E9 /* AccountKitStrings.bundle in Resources */,
				E14A943B203FE2A6009A35E9 /* Samples in Resources */,
				E14A93FB203FE048009A35E9 /* Assets.xcassets in Resources */,
				E14A943D203FE2A6009A35E9 /* README.txt in Resources */,
				E14A93F9203FE048009A35E9 /* Main.storyboard in Resources */,
			);
			runOnlyForDeploymentPostprocessing = 0;
		};
		E14A9404203FE048009A35E9 /* Resources */ = {
			isa = PBXResourcesBuildPhase;
			buildActionMask = 2147483647;
			files = (
			);
			runOnlyForDeploymentPostprocessing = 0;
		};
		E14A940F203FE048009A35E9 /* Resources */ = {
			isa = PBXResourcesBuildPhase;
			buildActionMask = 2147483647;
			files = (
			);
			runOnlyForDeploymentPostprocessing = 0;
		};
/* End PBXResourcesBuildPhase section */

/* Begin PBXSourcesBuildPhase section */
		E14A93EA203FE048009A35E9 /* Sources */ = {
			isa = PBXSourcesBuildPhase;
			buildActionMask = 2147483647;
			files = (
				E14A93F6203FE048009A35E9 /* ViewController.m in Sources */,
				E14A9401203FE048009A35E9 /* main.m in Sources */,
				E14A93F3203FE048009A35E9 /* AppDelegate.m in Sources */,
			);
			runOnlyForDeploymentPostprocessing = 0;
		};
		E14A9402203FE048009A35E9 /* Sources */ = {
			isa = PBXSourcesBuildPhase;
			buildActionMask = 2147483647;
			files = (
				E14A940B203FE048009A35E9 /* _017FaceBookTests.m in Sources */,
			);
			runOnlyForDeploymentPostprocessing = 0;
		};
		E14A940D203FE048009A35E9 /* Sources */ = {
			isa = PBXSourcesBuildPhase;
			buildActionMask = 2147483647;
			files = (
				E14A9416203FE048009A35E9 /* _017FaceBookUITests.m in Sources */,
			);
			runOnlyForDeploymentPostprocessing = 0;
		};
/* End PBXSourcesBuildPhase section */

/* Begin PBXTargetDependency section */
		E14A9408203FE048009A35E9 /* PBXTargetDependency */ = {
			isa = PBXTargetDependency;
			target = E14A93ED203FE048009A35E9 /* 2017FaceBook */;
			targetProxy = E14A9407203FE048009A35E9 /* PBXContainerItemProxy */;
		};
		E14A9413203FE048009A35E9 /* PBXTargetDependency */ = {
			isa = PBXTargetDependency;
			target = E14A93ED203FE048009A35E9 /* 2017FaceBook */;
			targetProxy = E14A9412203FE048009A35E9 /* PBXContainerItemProxy */;
		};
/* End PBXTargetDependency section */

/* Begin PBXVariantGroup section */
		E14A93F7203FE048009A35E9 /* Main.storyboard */ = {
			isa = PBXVariantGroup;
			children = (
				E14A93F8203FE048009A35E9 /* Base */,
			);
			name = Main.storyboard;
			sourceTree = "<group>";
		};
		E14A93FC203FE048009A35E9 /* LaunchScreen.storyboard */ = {
			isa = PBXVariantGroup;
			children = (
				E14A93FD203FE048009A35E9 /* Base */,
			);
			name = LaunchScreen.storyboard;
			sourceTree = "<group>";
		};
/* End PBXVariantGroup section */

/* Begin XCBuildConfiguration section */
		E14A9418203FE048009A35E9 /* Debug */ = {
			isa = XCBuildConfiguration;
			buildSettings = {
				ALWAYS_SEARCH_USER_PATHS = NO;
				CLANG_ANALYZER_NONNULL = YES;
				CLANG_ANALYZER_NUMBER_OBJECT_CONVERSION = YES_AGGRESSIVE;
				CLANG_CXX_LANGUAGE_STANDARD = "gnu++14";
				CLANG_CXX_LIBRARY = "libc++";
				CLANG_ENABLE_MODULES = YES;
				CLANG_ENABLE_OBJC_ARC = YES;
				CLANG_WARN_BLOCK_CAPTURE_AUTORELEASING = YES;
				CLANG_WARN_BOOL_CONVERSION = YES;
				CLANG_WARN_COMMA = YES;
				CLANG_WARN_CONSTANT_CONVERSION = YES;
				CLANG_WARN_DIRECT_OBJC_ISA_USAGE = YES_ERROR;
				CLANG_WARN_DOCUMENTATION_COMMENTS = YES;
				CLANG_WARN_EMPTY_BODY = YES;
				CLANG_WARN_ENUM_CONVERSION = YES;
				CLANG_WARN_INFINITE_RECURSION = YES;
				CLANG_WARN_INT_CONVERSION = YES;
				CLANG_WARN_NON_LITERAL_NULL_CONVERSION = YES;
				CLANG_WARN_OBJC_LITERAL_CONVERSION = YES;
				CLANG_WARN_OBJC_ROOT_CLASS = YES_ERROR;
				CLANG_WARN_RANGE_LOOP_ANALYSIS = YES;
				CLANG_WARN_STRICT_PROTOTYPES = YES;
				CLANG_WARN_SUSPICIOUS_MOVE = YES;
				CLANG_WARN_UNGUARDED_AVAILABILITY = YES_AGGRESSIVE;
				CLANG_WARN_UNREACHABLE_CODE = YES;
				CLANG_WARN__DUPLICATE_METHOD_MATCH = YES;
				CODE_SIGN_IDENTITY = "iPhone Developer";
				COPY_PHASE_STRIP = NO;
				DEBUG_INFORMATION_FORMAT = dwarf;
				ENABLE_STRICT_OBJC_MSGSEND = YES;
				ENABLE_TESTABILITY = YES;
				GCC_C_LANGUAGE_STANDARD = gnu11;
				GCC_DYNAMIC_NO_PIC = NO;
				GCC_NO_COMMON_BLOCKS = YES;
				GCC_OPTIMIZATION_LEVEL = 0;
				GCC_PREPROCESSOR_DEFINITIONS = (
					"DEBUG=1",
					"$(inherited)",
				);
				GCC_WARN_64_TO_32_BIT_CONVERSION = YES;
				GCC_WARN_ABOUT_RETURN_TYPE = YES_ERROR;
				GCC_WARN_UNDECLARED_SELECTOR = YES;
				GCC_WARN_UNINITIALIZED_AUTOS = YES_AGGRESSIVE;
				GCC_WARN_UNUSED_FUNCTION = YES;
				GCC_WARN_UNUSED_VARIABLE = YES;
				IPHONEOS_DEPLOYMENT_TARGET = 11.2;
				MTL_ENABLE_DEBUG_INFO = YES;
				ONLY_ACTIVE_ARCH = YES;
				SDKROOT = iphoneos;
			};
			name = Debug;
		};
		E14A9419203FE048009A35E9 /* Release */ = {
			isa = XCBuildConfiguration;
			buildSettings = {
				ALWAYS_SEARCH_USER_PATHS = NO;
				CLANG_ANALYZER_NONNULL = YES;
				CLANG_ANALYZER_NUMBER_OBJECT_CONVERSION = YES_AGGRESSIVE;
				CLANG_CXX_LANGUAGE_STANDARD = "gnu++14";
				CLANG_CXX_LIBRARY = "libc++";
				CLANG_ENABLE_MODULES = YES;
				CLANG_ENABLE_OBJC_ARC = YES;
				CLANG_WARN_BLOCK_CAPTURE_AUTORELEASING = YES;
				CLANG_WARN_BOOL_CONVERSION = YES;
				CLANG_WARN_COMMA = YES;
				CLANG_WARN_CONSTANT_CONVERSION = YES;
				CLANG_WARN_DIRECT_OBJC_ISA_USAGE = YES_ERROR;
				CLANG_WARN_DOCUMENTATION_COMMENTS = YES;
				CLANG_WARN_EMPTY_BODY = YES;
				CLANG_WARN_ENUM_CONVERSION = YES;
				CLANG_WARN_INFINITE_RECURSION = YES;
				CLANG_WARN_INT_CONVERSION = YES;
				CLANG_WARN_NON_LITERAL_NULL_CONVERSION = YES;
				CLANG_WARN_OBJC_LITERAL_CONVERSION = YES;
				CLANG_WARN_OBJC_ROOT_CLASS = YES_ERROR;
				CLANG_WARN_RANGE_LOOP_ANALYSIS = YES;
				CLANG_WARN_STRICT_PROTOTYPES = YES;
				CLANG_WARN_SUSPICIOUS_MOVE = YES;
				CLANG_WARN_UNGUARDED_AVAILABILITY = YES_AGGRESSIVE;
				CLANG_WARN_UNREACHABLE_CODE = YES;
				CLANG_WARN__DUPLICATE_METHOD_MATCH = YES;
				CODE_SIGN_IDENTITY = "iPhone Developer";
				COPY_PHASE_STRIP = NO;
				DEBUG_INFORMATION_FORMAT = "dwarf-with-dsym";
				ENABLE_NS_ASSERTIONS = NO;
				ENABLE_STRICT_OBJC_MSGSEND = YES;
				GCC_C_LANGUAGE_STANDARD = gnu11;
				GCC_NO_COMMON_BLOCKS = YES;
				GCC_WARN_64_TO_32_BIT_CONVERSION = YES;
				GCC_WARN_ABOUT_RETURN_TYPE = YES_ERROR;
				GCC_WARN_UNDECLARED_SELECTOR = YES;
				GCC_WARN_UNINITIALIZED_AUTOS = YES_AGGRESSIVE;
				GCC_WARN_UNUSED_FUNCTION = YES;
				GCC_WARN_UNUSED_VARIABLE = YES;
				IPHONEOS_DEPLOYMENT_TARGET = 11.2;
				MTL_ENABLE_DEBUG_INFO = NO;
				SDKROOT = iphoneos;
				VALIDATE_PRODUCT = YES;
			};
			name = Release;
		};
		E14A941B203FE048009A35E9 /* Debug */ = {
			isa = XCBuildConfiguration;
			buildSettings = {
				ASSETCATALOG_COMPILER_APPICON_NAME = AppIcon;
				CODE_SIGN_STYLE = Automatic;
				DEVELOPMENT_TEAM = SHM6K9X747;
				FRAMEWORK_SEARCH_PATHS = (
					"$(inherited)",
					"$(PROJECT_DIR)/FacebookSDKs-iOS-4",
				);
				INFOPLIST_FILE = 2017FaceBook/Info.plist;
				LD_RUNPATH_SEARCH_PATHS = "$(inherited) @executable_path/Frameworks";
				PRODUCT_BUNDLE_IDENTIFIER = "seae2145.-017FaceBook";
				PRODUCT_NAME = "$(TARGET_NAME)";
				TARGETED_DEVICE_FAMILY = "1,2";
			};
			name = Debug;
		};
		E14A941C203FE048009A35E9 /* Release */ = {
			isa = XCBuildConfiguration;
			buildSettings = {
				ASSETCATALOG_COMPILER_APPICON_NAME = AppIcon;
				CODE_SIGN_STYLE = Automatic;
				DEVELOPMENT_TEAM = SHM6K9X747;
				FRAMEWORK_SEARCH_PATHS = (
					"$(inherited)",
					"$(PROJECT_DIR)/FacebookSDKs-iOS-4",
				);
				INFOPLIST_FILE = 2017FaceBook/Info.plist;
				LD_RUNPATH_SEARCH_PATHS = "$(inherited) @executable_path/Frameworks";
				PRODUCT_BUNDLE_IDENTIFIER = "seae2145.-017FaceBook";
				PRODUCT_NAME = "$(TARGET_NAME)";
				TARGETED_DEVICE_FAMILY = "1,2";
			};
			name = Release;
		};
		E14A941E203FE048009A35E9 /* Debug */ = {
			isa = XCBuildConfiguration;
			buildSettings = {
				BUNDLE_LOADER = "$(TEST_HOST)";
				CODE_SIGN_STYLE = Automatic;
				DEVELOPMENT_TEAM = SHM6K9X747;
				INFOPLIST_FILE = 2017FaceBookTests/Info.plist;
				LD_RUNPATH_SEARCH_PATHS = "$(inherited) @executable_path/Frameworks @loader_path/Frameworks";
				PRODUCT_BUNDLE_IDENTIFIER = "seae2145.-017FaceBookTests";
				PRODUCT_NAME = "$(TARGET_NAME)";
				TARGETED_DEVICE_FAMILY = "1,2";
				TEST_HOST = "$(BUILT_PRODUCTS_DIR)/2017FaceBook.app/2017FaceBook";
			};
			name = Debug;
		};
		E14A941F203FE048009A35E9 /* Release */ = {
			isa = XCBuildConfiguration;
			buildSettings = {
				BUNDLE_LOADER = "$(TEST_HOST)";
				CODE_SIGN_STYLE = Automatic;
				DEVELOPMENT_TEAM = SHM6K9X747;
				INFOPLIST_FILE = 2017FaceBookTests/Info.plist;
				LD_RUNPATH_SEARCH_PATHS = "$(inherited) @executable_path/Frameworks @loader_path/Frameworks";
				PRODUCT_BUNDLE_IDENTIFIER = "seae2145.-017FaceBookTests";
				PRODUCT_NAME = "$(TARGET_NAME)";
				TARGETED_DEVICE_FAMILY = "1,2";
				TEST_HOST = "$(BUILT_PRODUCTS_DIR)/2017FaceBook.app/2017FaceBook";
			};
			name = Release;
		};
		E14A9421203FE048009A35E9 /* Debug */ = {
			isa = XCBuildConfiguration;
			buildSettings = {
				CODE_SIGN_STYLE = Automatic;
				DEVELOPMENT_TEAM = SHM6K9X747;
				INFOPLIST_FILE = 2017FaceBookUITests/Info.plist;
				LD_RUNPATH_SEARCH_PATHS = "$(inherited) @executable_path/Frameworks @loader_path/Frameworks";
				PRODUCT_BUNDLE_IDENTIFIER = "seae2145.-017FaceBookUITests";
				PRODUCT_NAME = "$(TARGET_NAME)";
				TARGETED_DEVICE_FAMILY = "1,2";
				TEST_TARGET_NAME = 2017FaceBook;
			};
			name = Debug;
		};
		E14A9422203FE048009A35E9 /* Release */ = {
			isa = XCBuildConfiguration;
			buildSettings = {
				CODE_SIGN_STYLE = Automatic;
				DEVELOPMENT_TEAM = SHM6K9X747;
				INFOPLIST_FILE = 2017FaceBookUITests/Info.plist;
				LD_RUNPATH_SEARCH_PATHS = "$(inherited) @executable_path/Frameworks @loader_path/Frameworks";
				PRODUCT_BUNDLE_IDENTIFIER = "seae2145.-017FaceBookUITests";
				PRODUCT_NAME = "$(TARGET_NAME)";
				TARGETED_DEVICE_FAMILY = "1,2";
				TEST_TARGET_NAME = 2017FaceBook;
			};
			name = Release;
		};
/* End XCBuildConfiguration section */

/* Begin XCConfigurationList section */
		E14A93E9203FE048009A35E9 /* Build configuration list for PBXProject "2017FaceBook" */ = {
			isa = XCConfigurationList;
			buildConfigurations = (
				E14A9418203FE048009A35E9 /* Debug */,
				E14A9419203FE048009A35E9 /* Release */,
			);
			defaultConfigurationIsVisible = 0;
			defaultConfigurationName = Release;
		};
		E14A941A203FE048009A35E9 /* Build configuration list for PBXNativeTarget "2017FaceBook" */ = {
			isa = XCConfigurationList;
			buildConfigurations = (
				E14A941B203FE048009A35E9 /* Debug */,
				E14A941C203FE048009A35E9 /* Release */,
			);
			defaultConfigurationIsVisible = 0;
			defaultConfigurationName = Release;
		};
		E14A941D203FE048009A35E9 /* Build configuration list for PBXNativeTarget "2017FaceBookTests" */ = {
			isa = XCConfigurationList;
			buildConfigurations = (
				E14A941E203FE048009A35E9 /* Debug */,
				E14A941F203FE048009A35E9 /* Release */,
			);
			defaultConfigurationIsVisible = 0;
			defaultConfigurationName = Release;
		};
		E14A9420203FE048009A35E9 /* Build configuration list for PBXNativeTarget "2017FaceBookUITests" */ = {
			isa = XCConfigurationList;
			buildConfigurations = (
				E14A9421203FE048009A35E9 /* Debug */,
				E14A9422203FE048009A35E9 /* Release */,
			);
			defaultConfigurationIsVisible = 0;
			defaultConfigurationName = Release;
		};
/* End XCConfigurationList section */
	};
	rootObject = E14A93E6203FE048009A35E9 /* Project object */;
}
